
Microsoft Visual Studio Solution File, Format Version 12.00
# Visual Studio Version 16
VisualStudioVersion = 16.0.30517.126
MinimumVisualStudioVersion = 10.0.40219.1
Project("{FAE04EC0-301F-11D3-BF4B-00C04F79EFBC}") = "Prototype.API", "Prototype.API\Prototype.API.csproj", "{FAFBC303-B9DB-4634-A957-E704701A3328}"
EndProject
Project("{FAE04EC0-301F-11D3-BF4B-00C04F79EFBC}") = "Prototype.Model", "Prototype.Model\Prototype.Model.csproj", "{03299AFC-38B4-440C-B96C-8F8D89ACB74B}"
EndProject
Project("{FAE04EC0-301F-11D3-BF4B-00C04F79EFBC}") = "Prototype.Common", "Prototype.Common\Prototype.Common.csproj", "{4D356B7E-8364-4302-8771-679B52D033D2}"
EndProject
Project("{FAE04EC0-301F-11D3-BF4B-00C04F79EFBC}") = "Prototype.BusinessLayer", "Prototype.BusinessLayer\Prototype.BusinessLayer.csproj", "{5006B3A3-F123-4D7D-98AB-7764BAAFC9B4}"
EndProject
Project("{FAE04EC0-301F-11D3-BF4B-00C04F79EFBC}") = "Prototype.DataAccessLayer", "Prototype.DataAccessLayer\Prototype.DataAccessLayer.csproj", "{EEF31615-E87B-43C3-864D-3041E4603044}"
EndProject
Global
	GlobalSection(SolutionConfigurationPlatforms) = preSolution
		Debug|Any CPU = Debug|Any CPU
		Release|Any CPU = Release|Any CPU
	EndGlobalSection
	GlobalSection(ProjectConfigurationPlatforms) = postSolution
		{FAFBC303-B9DB-4634-A957-E704701A3328}.Debug|Any CPU.ActiveCfg = Debug|Any CPU
		{FAFBC303-B9DB-4634-A957-E704701A3328}.Debug|Any CPU.Build.0 = Debug|Any CPU
		{FAFBC303-B9DB-4634-A957-E704701A3328}.Release|Any CPU.ActiveCfg = Release|Any CPU
		{FAFBC303-B9DB-4634-A957-E704701A3328}.Release|Any CPU.Build.0 = Release|Any CPU
		{03299AFC-38B4-440C-B96C-8F8D89ACB74B}.Debug|Any CPU.ActiveCfg = Debug|Any CPU
		{03299AFC-38B4-440C-B96C-8F8D89ACB74B}.Debug|Any CPU.Build.0 = Debug|Any CPU
		{03299AFC-38B4-440C-B96C-8F8D89ACB74B}.Release|Any CPU.ActiveCfg = Release|Any CPU
		{03299AFC-38B4-440C-B96C-8F8D89ACB74B}.Release|Any CPU.Build.0 = Release|Any CPU
		{4D356B7E-8364-4302-8771-679B52D033D2}.Debug|Any CPU.ActiveCfg = Debug|Any CPU
		{4D356B7E-8364-4302-8771-679B52D033D2}.Debug|Any CPU.Build.0 = Debug|Any CPU
		{4D356B7E-8364-4302-8771-679B52D033D2}.Release|Any CPU.ActiveCfg = Release|Any CPU
		{4D356B7E-8364-4302-8771-679B52D033D2}.Release|Any CPU.Build.0 = Release|Any CPU
		{5006B3A3-F123-4D7D-98AB-7764BAAFC9B4}.Debug|Any CPU.ActiveCfg = Debug|Any CPU
		{5006B3A3-F123-4D7D-98AB-7764BAAFC9B4}.Debug|Any CPU.Build.0 = Debug|Any CPU
		{5006B3A3-F123-4D7D-98AB-7764BAAFC9B4}.Release|Any CPU.ActiveCfg = Release|Any CPU
		{5006B3A3-F123-4D7D-98AB-7764BAAFC9B4}.Release|Any CPU.Build.0 = Release|Any CPU
		{EEF31615-E87B-43C3-864D-3041E4603044}.Debug|Any CPU.ActiveCfg = Debug|Any CPU
		{EEF31615-E87B-43C3-864D-3041E4603044}.Debug|Any CPU.Build.0 = Debug|Any CPU
		{EEF31615-E87B-43C3-864D-3041E4603044}.Release|Any CPU.ActiveCfg = Release|Any CPU
		{EEF31615-E87B-43C3-864D-3041E4603044}.Release|Any CPU.Build.0 = Release|Any CPU
	EndGlobalSection
	GlobalSection(SolutionProperties) = preSolution
		HideSolutionNode = FALSE
	EndGlobalSection
	GlobalSection(ExtensibilityGlobals) = postSolution
		SolutionGuid = {DA40BDF2-3130-4627-A3EA-C30A6FDFFE4F}
	EndGlobalSection
EndGlobal
